
Microsoft Visual Studio Solution File, Format Version 11.00
# Visual Studio 2010
Project("{FAE04EC0-301F-11D3-BF4B-00C04F79EFBC}") = "KAWAII-LAB", "Assembly-CSharp.csproj", "{13F0C313-E26E-1F90-63DC-D58B66E57757}"
EndProject
Project("{FAE04EC0-301F-11D3-BF4B-00C04F79EFBC}") = "KAWAII-LAB", "Assembly-CSharp-Editor.csproj", "{B9A458E1-6AAE-4D44-44CC-5AE270CD3E23}"
EndProject
Global
	GlobalSection(SolutionConfigurationPlatforms) = preSolution
		Debug|Any CPU = Debug|Any CPU
		Release|Any CPU = Release|Any CPU
	EndGlobalSection
	GlobalSection(ProjectConfigurationPlatforms) = postSolution
		{13F0C313-E26E-1F90-63DC-D58B66E57757}.Debug|Any CPU.ActiveCfg = Debug|Any CPU
		{13F0C313-E26E-1F90-63DC-D58B66E57757}.Debug|Any CPU.Build.0 = Debug|Any CPU
		{13F0C313-E26E-1F90-63DC-D58B66E57757}.Release|Any CPU.ActiveCfg = Release|Any CPU
		{13F0C313-E26E-1F90-63DC-D58B66E57757}.Release|Any CPU.Build.0 = Release|Any CPU
		{B9A458E1-6AAE-4D44-44CC-5AE270CD3E23}.Debug|Any CPU.ActiveCfg = Debug|Any CPU
		{B9A458E1-6AAE-4D44-44CC-5AE270CD3E23}.Debug|Any CPU.Build.0 = Debug|Any CPU
		{B9A458E1-6AAE-4D44-44CC-5AE270CD3E23}.Release|Any CPU.ActiveCfg = Release|Any CPU
		{B9A458E1-6AAE-4D44-44CC-5AE270CD3E23}.Release|Any CPU.Build.0 = Release|Any CPU
	EndGlobalSection
	GlobalSection(SolutionProperties) = preSolution
		HideSolutionNode = FALSE
	EndGlobalSection
	GlobalSection(MonoDevelopProperties) = preSolution
		StartupItem = Assembly-CSharp.csproj
	EndGlobalSection
EndGlobal
